// !$*UTF8*$!
{
	archiveVersion = 1;
	classes = {
	};
	objectVersion = 55;
	objects = {

/* Begin PBXBuildFile section */
		BDCC2B339631E1B35AA16C8D /* Pods_SpaceGame.framework in Frameworks */ = {isa = PBXBuildFile; fileRef = 918D8EFC851A3D1AB187F76C /* Pods_SpaceGame.framework */; };
		C362E4D5282FF00400A53A26 /* AppDelegate.swift in Sources */ = {isa = PBXBuildFile; fileRef = C362E4D4282FF00400A53A26 /* AppDelegate.swift */; };
		C362E4DE282FF00700A53A26 /* Assets.xcassets in Resources */ = {isa = PBXBuildFile; fileRef = C362E4DD282FF00700A53A26 /* Assets.xcassets */; };
		C362E4E1282FF00700A53A26 /* LaunchScreen.storyboard in Resources */ = {isa = PBXBuildFile; fileRef = C362E4DF282FF00700A53A26 /* LaunchScreen.storyboard */; };
		C37CCB3B282FFA6D005AC487 /* SpaceShipVC.swift in Sources */ = {isa = PBXBuildFile; fileRef = C37CCB3A282FFA6D005AC487 /* SpaceShipVC.swift */; };
		C37CCB3F282FFB75005AC487 /* BaseVC.swift in Sources */ = {isa = PBXBuildFile; fileRef = C37CCB3E282FFB75005AC487 /* BaseVC.swift */; };
		C37CCB42282FFFDC005AC487 /* ViewController+Extension.swift in Sources */ = {isa = PBXBuildFile; fileRef = C37CCB41282FFFDC005AC487 /* ViewController+Extension.swift */; };
		C37CCB44283002DA005AC487 /* Constans.swift in Sources */ = {isa = PBXBuildFile; fileRef = C37CCB43283002DA005AC487 /* Constans.swift */; };
		C37CCB4A28300E1A005AC487 /* SliderView.swift in Sources */ = {isa = PBXBuildFile; fileRef = C37CCB4928300E1A005AC487 /* SliderView.swift */; };
		C37CCB4D2830554D005AC487 /* SpaceShipVM.swift in Sources */ = {isa = PBXBuildFile; fileRef = C37CCB4C2830554D005AC487 /* SpaceShipVM.swift */; };
		C37CCB4F28305C8C005AC487 /* UIView+Extension.swift in Sources */ = {isa = PBXBuildFile; fileRef = C37CCB4E28305C8C005AC487 /* UIView+Extension.swift */; };
		C37CCB5228305DF6005AC487 /* DBManager.swift in Sources */ = {isa = PBXBuildFile; fileRef = C37CCB5128305DF6005AC487 /* DBManager.swift */; };
		C37CCB5528305FDB005AC487 /* ShipLocalModel.swift in Sources */ = {isa = PBXBuildFile; fileRef = C37CCB5428305FDB005AC487 /* ShipLocalModel.swift */; };
/* End PBXBuildFile section */

/* Begin PBXFileReference section */
		8D942CC37FE380ACF3092E7B /* Pods-SpaceGame.debug.xcconfig */ = {isa = PBXFileReference; includeInIndex = 1; lastKnownFileType = text.xcconfig; name = "Pods-SpaceGame.debug.xcconfig"; path = "Target Support Files/Pods-SpaceGame/Pods-SpaceGame.debug.xcconfig"; sourceTree = "<group>"; };
		918D8EFC851A3D1AB187F76C /* Pods_SpaceGame.framework */ = {isa = PBXFileReference; explicitFileType = wrapper.framework; includeInIndex = 0; path = Pods_SpaceGame.framework; sourceTree = BUILT_PRODUCTS_DIR; };
		A25120214791A9811A109302 /* Pods-SpaceGame.release.xcconfig */ = {isa = PBXFileReference; includeInIndex = 1; lastKnownFileType = text.xcconfig; name = "Pods-SpaceGame.release.xcconfig"; path = "Target Support Files/Pods-SpaceGame/Pods-SpaceGame.release.xcconfig"; sourceTree = "<group>"; };
		C362E4D1282FF00400A53A26 /* SpaceGame.app */ = {isa = PBXFileReference; explicitFileType = wrapper.application; includeInIndex = 0; path = SpaceGame.app; sourceTree = BUILT_PRODUCTS_DIR; };
		C362E4D4282FF00400A53A26 /* AppDelegate.swift */ = {isa = PBXFileReference; lastKnownFileType = sourcecode.swift; path = AppDelegate.swift; sourceTree = "<group>"; };
		C362E4DD282FF00700A53A26 /* Assets.xcassets */ = {isa = PBXFileReference; lastKnownFileType = folder.assetcatalog; path = Assets.xcassets; sourceTree = "<group>"; };
		C362E4E0282FF00700A53A26 /* Base */ = {isa = PBXFileReference; lastKnownFileType = file.storyboard; name = Base; path = Base.lproj/LaunchScreen.storyboard; sourceTree = "<group>"; };
		C362E4E2282FF00700A53A26 /* Info.plist */ = {isa = PBXFileReference; lastKnownFileType = text.plist.xml; path = Info.plist; sourceTree = "<group>"; };
		C37CCB3A282FFA6D005AC487 /* SpaceShipVC.swift */ = {isa = PBXFileReference; lastKnownFileType = sourcecode.swift; path = SpaceShipVC.swift; sourceTree = "<group>"; };
		C37CCB3E282FFB75005AC487 /* BaseVC.swift */ = {isa = PBXFileReference; lastKnownFileType = sourcecode.swift; path = BaseVC.swift; sourceTree = "<group>"; };
		C37CCB41282FFFDC005AC487 /* ViewController+Extension.swift */ = {isa = PBXFileReference; lastKnownFileType = sourcecode.swift; path = "ViewController+Extension.swift"; sourceTree = "<group>"; };
		C37CCB43283002DA005AC487 /* Constans.swift */ = {isa = PBXFileReference; lastKnownFileType = sourcecode.swift; path = Constans.swift; sourceTree = "<group>"; };
		C37CCB4928300E1A005AC487 /* SliderView.swift */ = {isa = PBXFileReference; lastKnownFileType = sourcecode.swift; path = SliderView.swift; sourceTree = "<group>"; };
		C37CCB4C2830554D005AC487 /* SpaceShipVM.swift */ = {isa = PBXFileReference; lastKnownFileType = sourcecode.swift; path = SpaceShipVM.swift; sourceTree = "<group>"; };
		C37CCB4E28305C8C005AC487 /* UIView+Extension.swift */ = {isa = PBXFileReference; lastKnownFileType = sourcecode.swift; path = "UIView+Extension.swift"; sourceTree = "<group>"; };
		C37CCB5128305DF6005AC487 /* DBManager.swift */ = {isa = PBXFileReference; lastKnownFileType = sourcecode.swift; path = DBManager.swift; sourceTree = "<group>"; };
		C37CCB5428305FDB005AC487 /* ShipLocalModel.swift */ = {isa = PBXFileReference; lastKnownFileType = sourcecode.swift; path = ShipLocalModel.swift; sourceTree = "<group>"; };
/* End PBXFileReference section */

/* Begin PBXFrameworksBuildPhase section */
		C362E4CE282FF00400A53A26 /* Frameworks */ = {
			isa = PBXFrameworksBuildPhase;
			buildActionMask = 2147483647;
			files = (
				BDCC2B339631E1B35AA16C8D /* Pods_SpaceGame.framework in Frameworks */,
			);
			runOnlyForDeploymentPostprocessing = 0;
		};
/* End PBXFrameworksBuildPhase section */

/* Begin PBXGroup section */
		15176A26B9F2E54086786558 /* Frameworks */ = {
			isa = PBXGroup;
			children = (
				918D8EFC851A3D1AB187F76C /* Pods_SpaceGame.framework */,
			);
			name = Frameworks;
			sourceTree = "<group>";
		};
		399A266C4E9978C772AA7525 /* Pods */ = {
			isa = PBXGroup;
			children = (
				8D942CC37FE380ACF3092E7B /* Pods-SpaceGame.debug.xcconfig */,
				A25120214791A9811A109302 /* Pods-SpaceGame.release.xcconfig */,
			);
			path = Pods;
			sourceTree = "<group>";
		};
		C362E4C8282FF00300A53A26 = {
			isa = PBXGroup;
			children = (
				C362E4D3282FF00400A53A26 /* SpaceGame */,
				C362E4D2282FF00400A53A26 /* Products */,
				399A266C4E9978C772AA7525 /* Pods */,
				15176A26B9F2E54086786558 /* Frameworks */,
			);
			sourceTree = "<group>";
		};
		C362E4D2282FF00400A53A26 /* Products */ = {
			isa = PBXGroup;
			children = (
				C362E4D1282FF00400A53A26 /* SpaceGame.app */,
			);
			name = Products;
			sourceTree = "<group>";
		};
		C362E4D3282FF00400A53A26 /* SpaceGame */ = {
			isa = PBXGroup;
			children = (
				C37CCB5328305FCE005AC487 /* Models */,
				C37CCB5028305DE4005AC487 /* Managers */,
				C37CCB4828300DE8005AC487 /* CustomComponents */,
				C37CCB40282FFFC4005AC487 /* Helpers */,
				C37CCB3D282FFB66005AC487 /* Base */,
				C37CCB4B28305538005AC487 /* ViewModels */,
				C37CCB39282FFA5D005AC487 /* ViewControllers */,
				C362E4E8282FF0C600A53A26 /* SupportFiles */,
				C362E4E2282FF00700A53A26 /* Info.plist */,
			);
			path = SpaceGame;
			sourceTree = "<group>";
		};
		C362E4E8282FF0C600A53A26 /* SupportFiles */ = {
			isa = PBXGroup;
			children = (
				C362E4D4282FF00400A53A26 /* AppDelegate.swift */,
				C362E4DD282FF00700A53A26 /* Assets.xcassets */,
				C362E4DF282FF00700A53A26 /* LaunchScreen.storyboard */,
			);
			path = SupportFiles;
			sourceTree = "<group>";
		};
		C37CCB39282FFA5D005AC487 /* ViewControllers */ = {
			isa = PBXGroup;
			children = (
				C37CCB3A282FFA6D005AC487 /* SpaceShipVC.swift */,
			);
			path = ViewControllers;
			sourceTree = "<group>";
		};
		C37CCB3D282FFB66005AC487 /* Base */ = {
			isa = PBXGroup;
			children = (
				C37CCB3E282FFB75005AC487 /* BaseVC.swift */,
				C37CCB43283002DA005AC487 /* Constans.swift */,
			);
			path = Base;
			sourceTree = "<group>";
		};
		C37CCB40282FFFC4005AC487 /* Helpers */ = {
			isa = PBXGroup;
			children = (
				C37CCB41282FFFDC005AC487 /* ViewController+Extension.swift */,
				C37CCB4E28305C8C005AC487 /* UIView+Extension.swift */,
			);
			path = Helpers;
			sourceTree = "<group>";
		};
		C37CCB4828300DE8005AC487 /* CustomComponents */ = {
			isa = PBXGroup;
			children = (
				C37CCB4928300E1A005AC487 /* SliderView.swift */,
			);
			path = CustomComponents;
			sourceTree = "<group>";
		};
		C37CCB4B28305538005AC487 /* ViewModels */ = {
			isa = PBXGroup;
			children = (
				C37CCB4C2830554D005AC487 /* SpaceShipVM.swift */,
			);
			path = ViewModels;
			sourceTree = "<group>";
		};
		C37CCB5028305DE4005AC487 /* Managers */ = {
			isa = PBXGroup;
			children = (
				C37CCB5128305DF6005AC487 /* DBManager.swift */,
			);
			path = Managers;
			sourceTree = "<group>";
		};
		C37CCB5328305FCE005AC487 /* Models */ = {
			isa = PBXGroup;
			children = (
				C37CCB5428305FDB005AC487 /* ShipLocalModel.swift */,
			);
			path = Models;
			sourceTree = "<group>";
		};
/* End PBXGroup section */

/* Begin PBXNativeTarget section */
		C362E4D0282FF00400A53A26 /* SpaceGame */ = {
			isa = PBXNativeTarget;
			buildConfigurationList = C362E4E5282FF00700A53A26 /* Build configuration list for PBXNativeTarget "SpaceGame" */;
			buildPhases = (
				A929CCCE187DE95AA2B3E94D /* [CP] Check Pods Manifest.lock */,
				C362E4CD282FF00400A53A26 /* Sources */,
				C362E4CE282FF00400A53A26 /* Frameworks */,
				C362E4CF282FF00400A53A26 /* Resources */,
				CB4D7ADD14F31A02E6C9C2FE /* [CP] Embed Pods Frameworks */,
			);
			buildRules = (
			);
			dependencies = (
			);
			name = SpaceGame;
			productName = SpaceGame;
			productReference = C362E4D1282FF00400A53A26 /* SpaceGame.app */;
			productType = "com.apple.product-type.application";
		};
/* End PBXNativeTarget section */

/* Begin PBXProject section */
		C362E4C9282FF00300A53A26 /* Project object */ = {
			isa = PBXProject;
			attributes = {
				BuildIndependentTargetsInParallel = 1;
				LastSwiftUpdateCheck = 1330;
				LastUpgradeCheck = 1330;
				TargetAttributes = {
					C362E4D0282FF00400A53A26 = {
						CreatedOnToolsVersion = 13.3.1;
					};
				};
			};
			buildConfigurationList = C362E4CC282FF00300A53A26 /* Build configuration list for PBXProject "SpaceGame" */;
			compatibilityVersion = "Xcode 13.0";
			developmentRegion = en;
			hasScannedForEncodings = 0;
			knownRegions = (
				en,
				Base,
			);
			mainGroup = C362E4C8282FF00300A53A26;
			productRefGroup = C362E4D2282FF00400A53A26 /* Products */;
			projectDirPath = "";
			projectRoot = "";
			targets = (
				C362E4D0282FF00400A53A26 /* SpaceGame */,
			);
		};
/* End PBXProject section */

/* Begin PBXResourcesBuildPhase section */
		C362E4CF282FF00400A53A26 /* Resources */ = {
			isa = PBXResourcesBuildPhase;
			buildActionMask = 2147483647;
			files = (
				C362E4E1282FF00700A53A26 /* LaunchScreen.storyboard in Resources */,
				C362E4DE282FF00700A53A26 /* Assets.xcassets in Resources */,
			);
			runOnlyForDeploymentPostprocessing = 0;
		};
/* End PBXResourcesBuildPhase section */

/* Begin PBXShellScriptBuildPhase section */
		A929CCCE187DE95AA2B3E94D /* [CP] Check Pods Manifest.lock */ = {
			isa = PBXShellScriptBuildPhase;
			buildActionMask = 2147483647;
			files = (
			);
			inputFileListPaths = (
			);
			inputPaths = (
				"${PODS_PODFILE_DIR_PATH}/Podfile.lock",
				"${PODS_ROOT}/Manifest.lock",
			);
			name = "[CP] Check Pods Manifest.lock";
			outputFileListPaths = (
			);
			outputPaths = (
				"$(DERIVED_FILE_DIR)/Pods-SpaceGame-checkManifestLockResult.txt",
			);
			runOnlyForDeploymentPostprocessing = 0;
			shellPath = /bin/sh;
			shellScript = "diff \"${PODS_PODFILE_DIR_PATH}/Podfile.lock\" \"${PODS_ROOT}/Manifest.lock\" > /dev/null\nif [ $? != 0 ] ; then\n    # print error to STDERR\n    echo \"error: The sandbox is not in sync with the Podfile.lock. Run 'pod install' or update your CocoaPods installation.\" >&2\n    exit 1\nfi\n# This output is used by Xcode 'outputs' to avoid re-running this script phase.\necho \"SUCCESS\" > \"${SCRIPT_OUTPUT_FILE_0}\"\n";
			showEnvVarsInLog = 0;
		};
		CB4D7ADD14F31A02E6C9C2FE /* [CP] Embed Pods Frameworks */ = {
			isa = PBXShellScriptBuildPhase;
			buildActionMask = 2147483647;
			files = (
			);
			inputFileListPaths = (
				"${PODS_ROOT}/Target Support Files/Pods-SpaceGame/Pods-SpaceGame-frameworks-${CONFIGURATION}-input-files.xcfilelist",
			);
			name = "[CP] Embed Pods Frameworks";
			outputFileListPaths = (
				"${PODS_ROOT}/Target Support Files/Pods-SpaceGame/Pods-SpaceGame-frameworks-${CONFIGURATION}-output-files.xcfilelist",
			);
			runOnlyForDeploymentPostprocessing = 0;
			shellPath = /bin/sh;
			shellScript = "\"${PODS_ROOT}/Target Support Files/Pods-SpaceGame/Pods-SpaceGame-frameworks.sh\"\n";
			showEnvVarsInLog = 0;
		};
/* End PBXShellScriptBuildPhase section */

/* Begin PBXSourcesBuildPhase section */
		C362E4CD282FF00400A53A26 /* Sources */ = {
			isa = PBXSourcesBuildPhase;
			buildActionMask = 2147483647;
			files = (
				C37CCB42282FFFDC005AC487 /* ViewController+Extension.swift in Sources */,
				C362E4D5282FF00400A53A26 /* AppDelegate.swift in Sources */,
				C37CCB4F28305C8C005AC487 /* UIView+Extension.swift in Sources */,
				C37CCB5528305FDB005AC487 /* ShipLocalModel.swift in Sources */,
				C37CCB4D2830554D005AC487 /* SpaceShipVM.swift in Sources */,
				C37CCB5228305DF6005AC487 /* DBManager.swift in Sources */,
				C37CCB44283002DA005AC487 /* Constans.swift in Sources */,
				C37CCB3F282FFB75005AC487 /* BaseVC.swift in Sources */,
				C37CCB4A28300E1A005AC487 /* SliderView.swift in Sources */,
				C37CCB3B282FFA6D005AC487 /* SpaceShipVC.swift in Sources */,
			);
			runOnlyForDeploymentPostprocessing = 0;
		};
/* End PBXSourcesBuildPhase section */

/* Begin PBXVariantGroup section */
		C362E4DF282FF00700A53A26 /* LaunchScreen.storyboard */ = {
			isa = PBXVariantGroup;
			children = (
				C362E4E0282FF00700A53A26 /* Base */,
			);
			name = LaunchScreen.storyboard;
			sourceTree = "<group>";
		};
/* End PBXVariantGroup section */

/* Begin XCBuildConfiguration section */
		C362E4E3282FF00700A53A26 /* Debug */ = {
			isa = XCBuildConfiguration;
			buildSettings = {
				ALWAYS_SEARCH_USER_PATHS = NO;
				CLANG_ANALYZER_NONNULL = YES;
				CLANG_ANALYZER_NUMBER_OBJECT_CONVERSION = YES_AGGRESSIVE;
				CLANG_CXX_LANGUAGE_STANDARD = "gnu++17";
				CLANG_ENABLE_MODULES = YES;
				CLANG_ENABLE_OBJC_ARC = YES;
				CLANG_ENABLE_OBJC_WEAK = YES;
				CLANG_WARN_BLOCK_CAPTURE_AUTORELEASING = YES;
				CLANG_WARN_BOOL_CONVERSION = YES;
				CLANG_WARN_COMMA = YES;
				CLANG_WARN_CONSTANT_CONVERSION = YES;
				CLANG_WARN_DEPRECATED_OBJC_IMPLEMENTATIONS = YES;
				CLANG_WARN_DIRECT_OBJC_ISA_USAGE = YES_ERROR;
				CLANG_WARN_DOCUMENTATION_COMMENTS = YES;
				CLANG_WARN_EMPTY_BODY = YES;
				CLANG_WARN_ENUM_CONVERSION = YES;
				CLANG_WARN_INFINITE_RECURSION = YES;
				CLANG_WARN_INT_CONVERSION = YES;
				CLANG_WARN_NON_LITERAL_NULL_CONVERSION = YES;
				CLANG_WARN_OBJC_IMPLICIT_RETAIN_SELF = YES;
				CLANG_WARN_OBJC_LITERAL_CONVERSION = YES;
				CLANG_WARN_OBJC_ROOT_CLASS = YES_ERROR;
				CLANG_WARN_QUOTED_INCLUDE_IN_FRAMEWORK_HEADER = YES;
				CLANG_WARN_RANGE_LOOP_ANALYSIS = YES;
				CLANG_WARN_STRICT_PROTOTYPES = YES;
				CLANG_WARN_SUSPICIOUS_MOVE = YES;
				CLANG_WARN_UNGUARDED_AVAILABILITY = YES_AGGRESSIVE;
				CLANG_WARN_UNREACHABLE_CODE = YES;
				CLANG_WARN__DUPLICATE_METHOD_MATCH = YES;
				COPY_PHASE_STRIP = NO;
				DEBUG_INFORMATION_FORMAT = dwarf;
				ENABLE_STRICT_OBJC_MSGSEND = YES;
				ENABLE_TESTABILITY = YES;
				GCC_C_LANGUAGE_STANDARD = gnu11;
				GCC_DYNAMIC_NO_PIC = NO;
				GCC_NO_COMMON_BLOCKS = YES;
				GCC_OPTIMIZATION_LEVEL = 0;
				GCC_PREPROCESSOR_DEFINITIONS = (
					"DEBUG=1",
					"$(inherited)",
				);
				GCC_WARN_64_TO_32_BIT_CONVERSION = YES;
				GCC_WARN_ABOUT_RETURN_TYPE = YES_ERROR;
				GCC_WARN_UNDECLARED_SELECTOR = YES;
				GCC_WARN_UNINITIALIZED_AUTOS = YES_AGGRESSIVE;
				GCC_WARN_UNUSED_FUNCTION = YES;
				GCC_WARN_UNUSED_VARIABLE = YES;
				IPHONEOS_DEPLOYMENT_TARGET = 10.0;
				MTL_ENABLE_DEBUG_INFO = INCLUDE_SOURCE;
				MTL_FAST_MATH = YES;
				ONLY_ACTIVE_ARCH = YES;
				SDKROOT = iphoneos;
				SWIFT_ACTIVE_COMPILATION_CONDITIONS = DEBUG;
				SWIFT_OPTIMIZATION_LEVEL = "-Onone";
			};
			name = Debug;
		};
		C362E4E4282FF00700A53A26 /* Release */ = {
			isa = XCBuildConfiguration;
			buildSettings = {
				ALWAYS_SEARCH_USER_PATHS = NO;
				CLANG_ANALYZER_NONNULL = YES;
				CLANG_ANALYZER_NUMBER_OBJECT_CONVERSION = YES_AGGRESSIVE;
				CLANG_CXX_LANGUAGE_STANDARD = "gnu++17";
				CLANG_ENABLE_MODULES = YES;
				CLANG_ENABLE_OBJC_ARC = YES;
				CLANG_ENABLE_OBJC_WEAK = YES;
				CLANG_WARN_BLOCK_CAPTURE_AUTORELEASING = YES;
				CLANG_WARN_BOOL_CONVERSION = YES;
				CLANG_WARN_COMMA = YES;
				CLANG_WARN_CONSTANT_CONVERSION = YES;
				CLANG_WARN_DEPRECATED_OBJC_IMPLEMENTATIONS = YES;
				CLANG_WARN_DIRECT_OBJC_ISA_USAGE = YES_ERROR;
				CLANG_WARN_DOCUMENTATION_COMMENTS = YES;
				CLANG_WARN_EMPTY_BODY = YES;
				CLANG_WARN_ENUM_CONVERSION = YES;
				CLANG_WARN_INFINITE_RECURSION = YES;
				CLANG_WARN_INT_CONVERSION = YES;
				CLANG_WARN_NON_LITERAL_NULL_CONVERSION = YES;
				CLANG_WARN_OBJC_IMPLICIT_RETAIN_SELF = YES;
				CLANG_WARN_OBJC_LITERAL_CONVERSION = YES;
				CLANG_WARN_OBJC_ROOT_CLASS = YES_ERROR;
				CLANG_WARN_QUOTED_INCLUDE_IN_FRAMEWORK_HEADER = YES;
				CLANG_WARN_RANGE_LOOP_ANALYSIS = YES;
				CLANG_WARN_STRICT_PROTOTYPES = YES;
				CLANG_WARN_SUSPICIOUS_MOVE = YES;
				CLANG_WARN_UNGUARDED_AVAILABILITY = YES_AGGRESSIVE;
				CLANG_WARN_UNREACHABLE_CODE = YES;
				CLANG_WARN__DUPLICATE_METHOD_MATCH = YES;
				COPY_PHASE_STRIP = NO;
				DEBUG_INFORMATION_FORMAT = "dwarf-with-dsym";
				ENABLE_NS_ASSERTIONS = NO;
				ENABLE_STRICT_OBJC_MSGSEND = YES;
				GCC_C_LANGUAGE_STANDARD = gnu11;
				GCC_NO_COMMON_BLOCKS = YES;
				GCC_WARN_64_TO_32_BIT_CONVERSION = YES;
				GCC_WARN_ABOUT_RETURN_TYPE = YES_ERROR;
				GCC_WARN_UNDECLARED_SELECTOR = YES;
				GCC_WARN_UNINITIALIZED_AUTOS = YES_AGGRESSIVE;
				GCC_WARN_UNUSED_FUNCTION = YES;
				GCC_WARN_UNUSED_VARIABLE = YES;
				IPHONEOS_DEPLOYMENT_TARGET = 10.0;
				MTL_ENABLE_DEBUG_INFO = NO;
				MTL_FAST_MATH = YES;
				SDKROOT = iphoneos;
				SWIFT_COMPILATION_MODE = wholemodule;
				SWIFT_OPTIMIZATION_LEVEL = "-O";
				VALIDATE_PRODUCT = YES;
			};
			name = Release;
		};
		C362E4E6282FF00700A53A26 /* Debug */ = {
			isa = XCBuildConfiguration;
			baseConfigurationReference = 8D942CC37FE380ACF3092E7B /* Pods-SpaceGame.debug.xcconfig */;
			buildSettings = {
				ASSETCATALOG_COMPILER_APPICON_NAME = AppIcon;
				ASSETCATALOG_COMPILER_GLOBAL_ACCENT_COLOR_NAME = AccentColor;
				CODE_SIGN_STYLE = Automatic;
				CURRENT_PROJECT_VERSION = 1;
				DEVELOPMENT_TEAM = LLM3VY8GAZ;
				GENERATE_INFOPLIST_FILE = YES;
				INFOPLIST_FILE = SpaceGame/Info.plist;
				INFOPLIST_KEY_UIApplicationSupportsIndirectInputEvents = YES;
				INFOPLIST_KEY_UILaunchStoryboardName = LaunchScreen;
				INFOPLIST_KEY_UISupportedInterfaceOrientations_iPad = "UIInterfaceOrientationPortrait UIInterfaceOrientationPortraitUpsideDown UIInterfaceOrientationLandscapeLeft UIInterfaceOrientationLandscapeRight";
				INFOPLIST_KEY_UISupportedInterfaceOrientations_iPhone = "UIInterfaceOrientationPortrait UIInterfaceOrientationLandscapeLeft UIInterfaceOrientationLandscapeRight";
				LD_RUNPATH_SEARCH_PATHS = (
					"$(inherited)",
					"@executable_path/Frameworks",
				);
				MARKETING_VERSION = 1.0;
				PRODUCT_BUNDLE_IDENTIFIER = SpaceX.SpaceGame;
				PRODUCT_NAME = "$(TARGET_NAME)";
				SWIFT_EMIT_LOC_STRINGS = YES;
				SWIFT_VERSION = 5.0;
				TARGETED_DEVICE_FAMILY = "1,2";
			};
			name = Debug;
		};
		C362E4E7282FF00700A53A26 /* Release */ = {
			isa = XCBuildConfiguration;
			baseConfigurationReference = A25120214791A9811A109302 /* Pods-SpaceGame.release.xcconfig */;
			buildSettings = {
				ASSETCATALOG_COMPILER_APPICON_NAME = AppIcon;
				ASSETCATALOG_COMPILER_GLOBAL_ACCENT_COLOR_NAME = AccentColor;
				CODE_SIGN_STYLE = Automatic;
				CURRENT_PROJECT_VERSION = 1;
				DEVELOPMENT_TEAM = LLM3VY8GAZ;
				GENERATE_INFOPLIST_FILE = YES;
				INFOPLIST_FILE = SpaceGame/Info.plist;
				INFOPLIST_KEY_UIApplicationSupportsIndirectInputEvents = YES;
				INFOPLIST_KEY_UILaunchStoryboardName = LaunchScreen;
				INFOPLIST_KEY_UISupportedInterfaceOrientations_iPad = "UIInterfaceOrientationPortrait UIInterfaceOrientationPortraitUpsideDown UIInterfaceOrientationLandscapeLeft UIInterfaceOrientationLandscapeRight";
				INFOPLIST_KEY_UISupportedInterfaceOrientations_iPhone = "UIInterfaceOrientationPortrait UIInterfaceOrientationLandscapeLeft UIInterfaceOrientationLandscapeRight";
				LD_RUNPATH_SEARCH_PATHS = (
					"$(inherited)",
					"@executable_path/Frameworks",
				);
				MARKETING_VERSION = 1.0;
				PRODUCT_BUNDLE_IDENTIFIER = SpaceX.SpaceGame;
				PRODUCT_NAME = "$(TARGET_NAME)";
				SWIFT_EMIT_LOC_STRINGS = YES;
				SWIFT_VERSION = 5.0;
				TARGETED_DEVICE_FAMILY = "1,2";
			};
			name = Release;
		};
/* End XCBuildConfiguration section */

/* Begin XCConfigurationList section */
		C362E4CC282FF00300A53A26 /* Build configuration list for PBXProject "SpaceGame" */ = {
			isa = XCConfigurationList;
			buildConfigurations = (
				C362E4E3282FF00700A53A26 /* Debug */,
				C362E4E4282FF00700A53A26 /* Release */,
			);
			defaultConfigurationIsVisible = 0;
			defaultConfigurationName = Release;
		};
		C362E4E5282FF00700A53A26 /* Build configuration list for PBXNativeTarget "SpaceGame" */ = {
			isa = XCConfigurationList;
			buildConfigurations = (
				C362E4E6282FF00700A53A26 /* Debug */,
				C362E4E7282FF00700A53A26 /* Release */,
			);
			defaultConfigurationIsVisible = 0;
			defaultConfigurationName = Release;
		};
/* End XCConfigurationList section */
	};
	rootObject = C362E4C9282FF00300A53A26 /* Project object */;
}
